
Microsoft Visual Studio Solution File, Format Version 12.00
# Visual Studio Version 16
VisualStudioVersion = 16.0.29609.76
MinimumVisualStudioVersion = 10.0.40219.1
Project("{FAE04EC0-301F-11D3-BF4B-00C04F79EFBC}") = "DynamicHostTest2", "DynamicHostTest2\DynamicHostTest2.csproj", "{BA173F11-6BF5-4EBF-ACE7-AA0A1C213BDD}"
EndProject
Global
	GlobalSection(SolutionConfigurationPlatforms) = preSolution
		Debug|Any CPU = Debug|Any CPU
		Release|Any CPU = Release|Any CPU
	EndGlobalSection
	GlobalSection(ProjectConfigurationPlatforms) = postSolution
		{BA173F11-6BF5-4EBF-ACE7-AA0A1C213BDD}.Debug|Any CPU.ActiveCfg = Debug|Any CPU
		{BA173F11-6BF5-4EBF-ACE7-AA0A1C213BDD}.Debug|Any CPU.Build.0 = Debug|Any CPU
		{BA173F11-6BF5-4EBF-ACE7-AA0A1C213BDD}.Release|Any CPU.ActiveCfg = Release|Any CPU
		{BA173F11-6BF5-4EBF-ACE7-AA0A1C213BDD}.Release|Any CPU.Build.0 = Release|Any CPU
	EndGlobalSection
	GlobalSection(SolutionProperties) = preSolution
		HideSolutionNode = FALSE
	EndGlobalSection
	GlobalSection(ExtensibilityGlobals) = postSolution
		SolutionGuid = {8B885829-242A-43C9-B5C4-9CD1A203810D}
	EndGlobalSection
EndGlobal
